// !$*UTF8*$!
{
	archiveVersion = 1;
	classes = {
	};
	objectVersion = 52;
	objects = {

/* Begin PBXBuildFile section */
		A019C7382533753F008F7644 /* TripsRepositoryApi.swift in Sources */ = {isa = PBXBuildFile; fileRef = A019C7372533753F008F7644 /* TripsRepositoryApi.swift */; };
		A019C73C25337546008F7644 /* TripsRepository.swift in Sources */ = {isa = PBXBuildFile; fileRef = A019C73B25337546008F7644 /* TripsRepository.swift */; };
		A019C7402533755F008F7644 /* TripsRemoteServiceApi.swift in Sources */ = {isa = PBXBuildFile; fileRef = A019C73F2533755F008F7644 /* TripsRemoteServiceApi.swift */; };
		A019C74425337565008F7644 /* TripsRemoteService.swift in Sources */ = {isa = PBXBuildFile; fileRef = A019C74325337565008F7644 /* TripsRemoteService.swift */; };
		A019C750253375C7008F7644 /* TripCodable.swift in Sources */ = {isa = PBXBuildFile; fileRef = A019C74F253375C7008F7644 /* TripCodable.swift */; };
		A019C75525337630008F7644 /* RxTest in Frameworks */ = {isa = PBXBuildFile; productRef = A019C75425337630008F7644 /* RxTest */; };
		A019C75725337630008F7644 /* RxCocoa in Frameworks */ = {isa = PBXBuildFile; productRef = A019C75625337630008F7644 /* RxCocoa */; };
		A019C75925337630008F7644 /* RxSwift in Frameworks */ = {isa = PBXBuildFile; productRef = A019C75825337630008F7644 /* RxSwift */; };
		A019C75D253376B0008F7644 /* Endpoint+Trips.swift in Sources */ = {isa = PBXBuildFile; fileRef = A019C75C253376B0008F7644 /* Endpoint+Trips.swift */; };
		A019C77F25337987008F7644 /* APIClientLoggerApi.swift in Sources */ = {isa = PBXBuildFile; fileRef = A019C77925337987008F7644 /* APIClientLoggerApi.swift */; };
		A019C78025337987008F7644 /* APIClientLogger.swift in Sources */ = {isa = PBXBuildFile; fileRef = A019C77A25337987008F7644 /* APIClientLogger.swift */; };
		A019C78125337987008F7644 /* APIClientApi.swift in Sources */ = {isa = PBXBuildFile; fileRef = A019C77B25337987008F7644 /* APIClientApi.swift */; };
		A019C78225337987008F7644 /* NoResult.swift in Sources */ = {isa = PBXBuildFile; fileRef = A019C77C25337987008F7644 /* NoResult.swift */; };
		A019C78325337987008F7644 /* Endpoint.swift in Sources */ = {isa = PBXBuildFile; fileRef = A019C77D25337987008F7644 /* Endpoint.swift */; };
		A019C78425337987008F7644 /* APIClient.swift in Sources */ = {isa = PBXBuildFile; fileRef = A019C77E25337987008F7644 /* APIClient.swift */; };
		A019C788253379D1008F7644 /* URLRequest+cURLString.swift in Sources */ = {isa = PBXBuildFile; fileRef = A019C787253379D1008F7644 /* URLRequest+cURLString.swift */; };
		A019C7AD25337B5F008F7644 /* Trip.swift in Sources */ = {isa = PBXBuildFile; fileRef = A019C7AC25337B5F008F7644 /* Trip.swift */; };
		A019C7B125337BC7008F7644 /* Location.swift in Sources */ = {isa = PBXBuildFile; fileRef = A019C7B025337BC7008F7644 /* Location.swift */; };
		A019C7B525337F63008F7644 /* Configuration.swift in Sources */ = {isa = PBXBuildFile; fileRef = A019C7B425337F63008F7644 /* Configuration.swift */; };
		A019C7C4253385D6008F7644 /* MapKit.framework in Frameworks */ = {isa = PBXBuildFile; fileRef = A019C7C3253385D6008F7644 /* MapKit.framework */; };
		A019C7C825338E90008F7644 /* NilOnFail.swift in Sources */ = {isa = PBXBuildFile; fileRef = A019C7C725338E90008F7644 /* NilOnFail.swift */; };
		A019C7CC25339309008F7644 /* TripCell.swift in Sources */ = {isa = PBXBuildFile; fileRef = A019C7CB25339309008F7644 /* TripCell.swift */; };
		A019C7D025339F74008F7644 /* TripDetails.swift in Sources */ = {isa = PBXBuildFile; fileRef = A019C7CF25339F74008F7644 /* TripDetails.swift */; };
		A030AEAF252E2D5500487696 /* AppDelegate.swift in Sources */ = {isa = PBXBuildFile; fileRef = A030AEAE252E2D5500487696 /* AppDelegate.swift */; };
		A030AEB8252E2D5700487696 /* Assets.xcassets in Resources */ = {isa = PBXBuildFile; fileRef = A030AEB7252E2D5700487696 /* Assets.xcassets */; };
		A030AEBB252E2D5700487696 /* LaunchScreen.storyboard in Resources */ = {isa = PBXBuildFile; fileRef = A030AEB9252E2D5700487696 /* LaunchScreen.storyboard */; };
		A030AEC6252E2D5700487696 /* SEATCodeTests.swift in Sources */ = {isa = PBXBuildFile; fileRef = A030AEC5252E2D5700487696 /* SEATCodeTests.swift */; };
		A030AEF6252E355700487696 /* AppFlowController.swift in Sources */ = {isa = PBXBuildFile; fileRef = A030AEF5252E355700487696 /* AppFlowController.swift */; };
		A030AEFB252E35A600487696 /* Swinject in Frameworks */ = {isa = PBXBuildFile; productRef = A030AEFA252E35A600487696 /* Swinject */; };
		A030AF00252E35FA00487696 /* UIViewController+Child.swift in Sources */ = {isa = PBXBuildFile; fileRef = A030AEFF252E35FA00487696 /* UIViewController+Child.swift */; };
		A030AF07252E369200487696 /* DependencyContainer.swift in Sources */ = {isa = PBXBuildFile; fileRef = A030AF06252E369200487696 /* DependencyContainer.swift */; };
		A030AF0B252E378500487696 /* TripsViewModel.swift in Sources */ = {isa = PBXBuildFile; fileRef = A030AF0A252E378500487696 /* TripsViewModel.swift */; };
		A030AF0F252E37DC00487696 /* TripsViewModelApi.swift in Sources */ = {isa = PBXBuildFile; fileRef = A030AF0E252E37DC00487696 /* TripsViewModelApi.swift */; };
		A030AF13252E37FA00487696 /* TripsViewController.storyboard in Resources */ = {isa = PBXBuildFile; fileRef = A030AF12252E37FA00487696 /* TripsViewController.storyboard */; };
		A030AF17252E381600487696 /* TripsViewController.swift in Sources */ = {isa = PBXBuildFile; fileRef = A030AF16252E381600487696 /* TripsViewController.swift */; };
		A030AF26252E3D0A00487696 /* Mock.generated.swift in Sources */ = {isa = PBXBuildFile; fileRef = A030AF25252E3D0A00487696 /* Mock.generated.swift */; };
		A030AF3F252E3EDF00487696 /* SwiftyMocky in Frameworks */ = {isa = PBXBuildFile; productRef = A030AF3E252E3EDF00487696 /* SwiftyMocky */; };
		A030AF81252E4A0100487696 /* UIViewController+MakeFromStoryboard.swift in Sources */ = {isa = PBXBuildFile; fileRef = A030AF80252E4A0100487696 /* UIViewController+MakeFromStoryboard.swift */; };
/* End PBXBuildFile section */

/* Begin PBXContainerItemProxy section */
		A030AEC2252E2D5700487696 /* PBXContainerItemProxy */ = {
			isa = PBXContainerItemProxy;
			containerPortal = A030AEA3252E2D5500487696 /* Project object */;
			proxyType = 1;
			remoteGlobalIDString = A030AEAA252E2D5500487696;
			remoteInfo = SEATCode;
		};
/* End PBXContainerItemProxy section */

/* Begin PBXFileReference section */
		A019C7372533753F008F7644 /* TripsRepositoryApi.swift */ = {isa = PBXFileReference; lastKnownFileType = sourcecode.swift; path = TripsRepositoryApi.swift; sourceTree = "<group>"; };
		A019C73B25337546008F7644 /* TripsRepository.swift */ = {isa = PBXFileReference; lastKnownFileType = sourcecode.swift; path = TripsRepository.swift; sourceTree = "<group>"; };
		A019C73F2533755F008F7644 /* TripsRemoteServiceApi.swift */ = {isa = PBXFileReference; lastKnownFileType = sourcecode.swift; path = TripsRemoteServiceApi.swift; sourceTree = "<group>"; };
		A019C74325337565008F7644 /* TripsRemoteService.swift */ = {isa = PBXFileReference; lastKnownFileType = sourcecode.swift; path = TripsRemoteService.swift; sourceTree = "<group>"; };
		A019C74F253375C7008F7644 /* TripCodable.swift */ = {isa = PBXFileReference; lastKnownFileType = sourcecode.swift; path = TripCodable.swift; sourceTree = "<group>"; };
		A019C75C253376B0008F7644 /* Endpoint+Trips.swift */ = {isa = PBXFileReference; lastKnownFileType = sourcecode.swift; path = "Endpoint+Trips.swift"; sourceTree = "<group>"; };
		A019C77925337987008F7644 /* APIClientLoggerApi.swift */ = {isa = PBXFileReference; fileEncoding = 4; lastKnownFileType = sourcecode.swift; path = APIClientLoggerApi.swift; sourceTree = "<group>"; };
		A019C77A25337987008F7644 /* APIClientLogger.swift */ = {isa = PBXFileReference; fileEncoding = 4; lastKnownFileType = sourcecode.swift; path = APIClientLogger.swift; sourceTree = "<group>"; };
		A019C77B25337987008F7644 /* APIClientApi.swift */ = {isa = PBXFileReference; fileEncoding = 4; lastKnownFileType = sourcecode.swift; path = APIClientApi.swift; sourceTree = "<group>"; };
		A019C77C25337987008F7644 /* NoResult.swift */ = {isa = PBXFileReference; fileEncoding = 4; lastKnownFileType = sourcecode.swift; path = NoResult.swift; sourceTree = "<group>"; };
		A019C77D25337987008F7644 /* Endpoint.swift */ = {isa = PBXFileReference; fileEncoding = 4; lastKnownFileType = sourcecode.swift; path = Endpoint.swift; sourceTree = "<group>"; };
		A019C77E25337987008F7644 /* APIClient.swift */ = {isa = PBXFileReference; fileEncoding = 4; lastKnownFileType = sourcecode.swift; path = APIClient.swift; sourceTree = "<group>"; };
		A019C787253379D1008F7644 /* URLRequest+cURLString.swift */ = {isa = PBXFileReference; fileEncoding = 4; lastKnownFileType = sourcecode.swift; path = "URLRequest+cURLString.swift"; sourceTree = "<group>"; };
		A019C7AC25337B5F008F7644 /* Trip.swift */ = {isa = PBXFileReference; lastKnownFileType = sourcecode.swift; path = Trip.swift; sourceTree = "<group>"; };
		A019C7B025337BC7008F7644 /* Location.swift */ = {isa = PBXFileReference; lastKnownFileType = sourcecode.swift; path = Location.swift; sourceTree = "<group>"; };
		A019C7B425337F63008F7644 /* Configuration.swift */ = {isa = PBXFileReference; lastKnownFileType = sourcecode.swift; path = Configuration.swift; sourceTree = "<group>"; };
		A019C7BB2533804C008F7644 /* Development.xcconfig */ = {isa = PBXFileReference; lastKnownFileType = text.xcconfig; path = Development.xcconfig; sourceTree = "<group>"; };
		A019C7BC2533805E008F7644 /* Release.xcconfig */ = {isa = PBXFileReference; lastKnownFileType = text.xcconfig; path = Release.xcconfig; sourceTree = "<group>"; };
		A019C7C3253385D6008F7644 /* MapKit.framework */ = {isa = PBXFileReference; lastKnownFileType = wrapper.framework; name = MapKit.framework; path = System/Library/Frameworks/MapKit.framework; sourceTree = SDKROOT; };
		A019C7C725338E90008F7644 /* NilOnFail.swift */ = {isa = PBXFileReference; lastKnownFileType = sourcecode.swift; path = NilOnFail.swift; sourceTree = "<group>"; };
		A019C7CB25339309008F7644 /* TripCell.swift */ = {isa = PBXFileReference; lastKnownFileType = sourcecode.swift; path = TripCell.swift; sourceTree = "<group>"; };
		A019C7CF25339F74008F7644 /* TripDetails.swift */ = {isa = PBXFileReference; lastKnownFileType = sourcecode.swift; path = TripDetails.swift; sourceTree = "<group>"; };
		A030AEAB252E2D5500487696 /* SEATCode.app */ = {isa = PBXFileReference; explicitFileType = wrapper.application; includeInIndex = 0; path = SEATCode.app; sourceTree = BUILT_PRODUCTS_DIR; };
		A030AEAE252E2D5500487696 /* AppDelegate.swift */ = {isa = PBXFileReference; lastKnownFileType = sourcecode.swift; path = AppDelegate.swift; sourceTree = "<group>"; };
		A030AEB7252E2D5700487696 /* Assets.xcassets */ = {isa = PBXFileReference; lastKnownFileType = folder.assetcatalog; path = Assets.xcassets; sourceTree = "<group>"; };
		A030AEBA252E2D5700487696 /* Base */ = {isa = PBXFileReference; lastKnownFileType = file.storyboard; name = Base; path = Base.lproj/LaunchScreen.storyboard; sourceTree = "<group>"; };
		A030AEBC252E2D5700487696 /* Info.plist */ = {isa = PBXFileReference; lastKnownFileType = text.plist.xml; path = Info.plist; sourceTree = "<group>"; };
		A030AEC1252E2D5700487696 /* SEATCodeTests.xctest */ = {isa = PBXFileReference; explicitFileType = wrapper.cfbundle; includeInIndex = 0; path = SEATCodeTests.xctest; sourceTree = BUILT_PRODUCTS_DIR; };
		A030AEC5252E2D5700487696 /* SEATCodeTests.swift */ = {isa = PBXFileReference; lastKnownFileType = sourcecode.swift; path = SEATCodeTests.swift; sourceTree = "<group>"; };
		A030AEC7252E2D5700487696 /* Info.plist */ = {isa = PBXFileReference; lastKnownFileType = text.plist.xml; path = Info.plist; sourceTree = "<group>"; };
		A030AEF5252E355700487696 /* AppFlowController.swift */ = {isa = PBXFileReference; lastKnownFileType = sourcecode.swift; path = AppFlowController.swift; sourceTree = "<group>"; };
		A030AEFF252E35FA00487696 /* UIViewController+Child.swift */ = {isa = PBXFileReference; lastKnownFileType = sourcecode.swift; path = "UIViewController+Child.swift"; sourceTree = "<group>"; };
		A030AF06252E369200487696 /* DependencyContainer.swift */ = {isa = PBXFileReference; lastKnownFileType = sourcecode.swift; path = DependencyContainer.swift; sourceTree = "<group>"; };
		A030AF0A252E378500487696 /* TripsViewModel.swift */ = {isa = PBXFileReference; lastKnownFileType = sourcecode.swift; path = TripsViewModel.swift; sourceTree = "<group>"; };
		A030AF0E252E37DC00487696 /* TripsViewModelApi.swift */ = {isa = PBXFileReference; lastKnownFileType = sourcecode.swift; path = TripsViewModelApi.swift; sourceTree = "<group>"; };
		A030AF12252E37FA00487696 /* TripsViewController.storyboard */ = {isa = PBXFileReference; lastKnownFileType = file.storyboard; path = TripsViewController.storyboard; sourceTree = "<group>"; };
		A030AF16252E381600487696 /* TripsViewController.swift */ = {isa = PBXFileReference; lastKnownFileType = sourcecode.swift; path = TripsViewController.swift; sourceTree = "<group>"; };
		A030AF25252E3D0A00487696 /* Mock.generated.swift */ = {isa = PBXFileReference; fileEncoding = 4; lastKnownFileType = sourcecode.swift; path = Mock.generated.swift; sourceTree = "<group>"; };
		A030AF80252E4A0100487696 /* UIViewController+MakeFromStoryboard.swift */ = {isa = PBXFileReference; lastKnownFileType = sourcecode.swift; path = "UIViewController+MakeFromStoryboard.swift"; sourceTree = "<group>"; };
/* End PBXFileReference section */

/* Begin PBXFrameworksBuildPhase section */
		A030AEA8252E2D5500487696 /* Frameworks */ = {
			isa = PBXFrameworksBuildPhase;
			buildActionMask = 2147483647;
			files = (
				A019C75925337630008F7644 /* RxSwift in Frameworks */,
				A019C75725337630008F7644 /* RxCocoa in Frameworks */,
				A019C7C4253385D6008F7644 /* MapKit.framework in Frameworks */,
				A030AEFB252E35A600487696 /* Swinject in Frameworks */,
			);
			runOnlyForDeploymentPostprocessing = 0;
		};
		A030AEBE252E2D5700487696 /* Frameworks */ = {
			isa = PBXFrameworksBuildPhase;
			buildActionMask = 2147483647;
			files = (
				A019C75525337630008F7644 /* RxTest in Frameworks */,
				A030AF3F252E3EDF00487696 /* SwiftyMocky in Frameworks */,
			);
			runOnlyForDeploymentPostprocessing = 0;
		};
/* End PBXFrameworksBuildPhase section */

/* Begin PBXGroup section */
		A019C7352533751E008F7644 /* Remote */ = {
			isa = PBXGroup;
			children = (
				A019C73F2533755F008F7644 /* TripsRemoteServiceApi.swift */,
				A019C74325337565008F7644 /* TripsRemoteService.swift */,
				A019C75C253376B0008F7644 /* Endpoint+Trips.swift */,
			);
			path = Remote;
			sourceTree = "<group>";
		};
		A019C7362533752A008F7644 /* Codable */ = {
			isa = PBXGroup;
			children = (
				A019C74F253375C7008F7644 /* TripCodable.swift */,
			);
			path = Codable;
			sourceTree = "<group>";
		};
		A019C77825337976008F7644 /* Networking */ = {
			isa = PBXGroup;
			children = (
				A019C77E25337987008F7644 /* APIClient.swift */,
				A019C77B25337987008F7644 /* APIClientApi.swift */,
				A019C77A25337987008F7644 /* APIClientLogger.swift */,
				A019C77925337987008F7644 /* APIClientLoggerApi.swift */,
				A019C77D25337987008F7644 /* Endpoint.swift */,
				A019C77C25337987008F7644 /* NoResult.swift */,
				A019C787253379D1008F7644 /* URLRequest+cURLString.swift */,
				A019C7C725338E90008F7644 /* NilOnFail.swift */,
			);
			path = Networking;
			sourceTree = "<group>";
		};
		A019C7BA25338030008F7644 /* Configuration */ = {
			isa = PBXGroup;
			children = (
				A019C7BB2533804C008F7644 /* Development.xcconfig */,
				A019C7BC2533805E008F7644 /* Release.xcconfig */,
			);
			path = Configuration;
			sourceTree = "<group>";
		};
		A030AEA2252E2D5500487696 = {
			isa = PBXGroup;
			children = (
				A030AEAD252E2D5500487696 /* SEATCode */,
				A030AEC4252E2D5700487696 /* SEATCodeTests */,
				A030AEAC252E2D5500487696 /* Products */,
				A030AF34252E3E9000487696 /* Frameworks */,
			);
			sourceTree = "<group>";
		};
		A030AEAC252E2D5500487696 /* Products */ = {
			isa = PBXGroup;
			children = (
				A030AEAB252E2D5500487696 /* SEATCode.app */,
				A030AEC1252E2D5700487696 /* SEATCodeTests.xctest */,
			);
			name = Products;
			sourceTree = "<group>";
		};
		A030AEAD252E2D5500487696 /* SEATCode */ = {
			isa = PBXGroup;
			children = (
				A030AEE3252E2E2D00487696 /* Sources */,
				A030AEE4252E2E3400487696 /* Resources */,
			);
			path = SEATCode;
			sourceTree = "<group>";
		};
		A030AEC4252E2D5700487696 /* SEATCodeTests */ = {
			isa = PBXGroup;
			children = (
				A030AEEC252E2E6400487696 /* Sources */,
				A030AEEB252E2E5F00487696 /* Resources */,
			);
			path = SEATCodeTests;
			sourceTree = "<group>";
		};
		A030AEE3252E2E2D00487696 /* Sources */ = {
			isa = PBXGroup;
			children = (
				A030AEF1252E34C400487696 /* Application */,
				A030AEF2252E34CF00487696 /* Extensions */,
				A030AEF4252E353500487696 /* Trips */,
				A019C77825337976008F7644 /* Networking */,
			);
			path = Sources;
			sourceTree = "<group>";
		};
		A030AEE4252E2E3400487696 /* Resources */ = {
			isa = PBXGroup;
			children = (
				A019C7BA25338030008F7644 /* Configuration */,
				A030AEB7252E2D5700487696 /* Assets.xcassets */,
				A030AEB9252E2D5700487696 /* LaunchScreen.storyboard */,
				A030AEBC252E2D5700487696 /* Info.plist */,
			);
			path = Resources;
			sourceTree = "<group>";
		};
		A030AEEB252E2E5F00487696 /* Resources */ = {
			isa = PBXGroup;
			children = (
				A030AEC7252E2D5700487696 /* Info.plist */,
			);
			path = Resources;
			sourceTree = "<group>";
		};
		A030AEEC252E2E6400487696 /* Sources */ = {
			isa = PBXGroup;
			children = (
				A030AF24252E3D0A00487696 /* Mocks */,
				A030AEC5252E2D5700487696 /* SEATCodeTests.swift */,
			);
			path = Sources;
			sourceTree = "<group>";
		};
		A030AEF1252E34C400487696 /* Application */ = {
			isa = PBXGroup;
			children = (
				A030AEAE252E2D5500487696 /* AppDelegate.swift */,
				A030AEF5252E355700487696 /* AppFlowController.swift */,
				A019C7B425337F63008F7644 /* Configuration.swift */,
				A030AF06252E369200487696 /* DependencyContainer.swift */,
			);
			path = Application;
			sourceTree = "<group>";
		};
		A030AEF2252E34CF00487696 /* Extensions */ = {
			isa = PBXGroup;
			children = (
				A030AEFE252E35ED00487696 /* UIKit */,
			);
			path = Extensions;
			sourceTree = "<group>";
		};
		A030AEF4252E353500487696 /* Trips */ = {
			isa = PBXGroup;
			children = (
				A030AF03252E361F00487696 /* Data */,
				A030AF04252E362400487696 /* Domain */,
				A030AF05252E362900487696 /* Presentation */,
			);
			path = Trips;
			sourceTree = "<group>";
		};
		A030AEFE252E35ED00487696 /* UIKit */ = {
			isa = PBXGroup;
			children = (
				A030AEFF252E35FA00487696 /* UIViewController+Child.swift */,
				A030AF80252E4A0100487696 /* UIViewController+MakeFromStoryboard.swift */,
			);
			path = UIKit;
			sourceTree = "<group>";
		};
		A030AF03252E361F00487696 /* Data */ = {
			isa = PBXGroup;
			children = (
				A019C7362533752A008F7644 /* Codable */,
				A019C7352533751E008F7644 /* Remote */,
				A019C7372533753F008F7644 /* TripsRepositoryApi.swift */,
				A019C73B25337546008F7644 /* TripsRepository.swift */,
			);
			path = Data;
			sourceTree = "<group>";
		};
		A030AF04252E362400487696 /* Domain */ = {
			isa = PBXGroup;
			children = (
				A019C7AC25337B5F008F7644 /* Trip.swift */,
				A019C7B025337BC7008F7644 /* Location.swift */,
			);
			path = Domain;
			sourceTree = "<group>";
		};
		A030AF05252E362900487696 /* Presentation */ = {
			isa = PBXGroup;
			children = (
				A030AF0A252E378500487696 /* TripsViewModel.swift */,
				A030AF0E252E37DC00487696 /* TripsViewModelApi.swift */,
				A030AF16252E381600487696 /* TripsViewController.swift */,
				A030AF12252E37FA00487696 /* TripsViewController.storyboard */,
				A019C7CB25339309008F7644 /* TripCell.swift */,
				A019C7CF25339F74008F7644 /* TripDetails.swift */,
			);
			path = Presentation;
			sourceTree = "<group>";
		};
		A030AF24252E3D0A00487696 /* Mocks */ = {
			isa = PBXGroup;
			children = (
				A030AF25252E3D0A00487696 /* Mock.generated.swift */,
			);
			path = Mocks;
			sourceTree = "<group>";
		};
		A030AF34252E3E9000487696 /* Frameworks */ = {
			isa = PBXGroup;
			children = (
				A019C7C3253385D6008F7644 /* MapKit.framework */,
			);
			name = Frameworks;
			sourceTree = "<group>";
		};
/* End PBXGroup section */

/* Begin PBXNativeTarget section */
		A030AEAA252E2D5500487696 /* SEATCode */ = {
			isa = PBXNativeTarget;
			buildConfigurationList = A030AED5252E2D5700487696 /* Build configuration list for PBXNativeTarget "SEATCode" */;
			buildPhases = (
				A030AEA7252E2D5500487696 /* Sources */,
				A030AEA8252E2D5500487696 /* Frameworks */,
				A030AEA9252E2D5500487696 /* Resources */,
			);
			buildRules = (
			);
			dependencies = (
			);
			name = SEATCode;
			packageProductDependencies = (
				A030AEFA252E35A600487696 /* Swinject */,
				A019C75625337630008F7644 /* RxCocoa */,
				A019C75825337630008F7644 /* RxSwift */,
			);
			productName = SEATCode;
			productReference = A030AEAB252E2D5500487696 /* SEATCode.app */;
			productType = "com.apple.product-type.application";
		};
		A030AEC0252E2D5700487696 /* SEATCodeTests */ = {
			isa = PBXNativeTarget;
			buildConfigurationList = A030AED8252E2D5700487696 /* Build configuration list for PBXNativeTarget "SEATCodeTests" */;
			buildPhases = (
				A030AF21252E393C00487696 /* Build mocks */,
				A030AEBD252E2D5700487696 /* Sources */,
				A030AEBE252E2D5700487696 /* Frameworks */,
				A030AEBF252E2D5700487696 /* Resources */,
			);
			buildRules = (
			);
			dependencies = (
				A030AEC3252E2D5700487696 /* PBXTargetDependency */,
			);
			name = SEATCodeTests;
			packageProductDependencies = (
				A030AF3E252E3EDF00487696 /* SwiftyMocky */,
				A019C75425337630008F7644 /* RxTest */,
			);
			productName = SEATCodeTests;
			productReference = A030AEC1252E2D5700487696 /* SEATCodeTests.xctest */;
			productType = "com.apple.product-type.bundle.unit-test";
		};
/* End PBXNativeTarget section */

/* Begin PBXProject section */
		A030AEA3252E2D5500487696 /* Project object */ = {
			isa = PBXProject;
			attributes = {
				LastSwiftUpdateCheck = 1200;
				LastUpgradeCheck = 1200;
				TargetAttributes = {
					A030AEAA252E2D5500487696 = {
						CreatedOnToolsVersion = 12.0;
					};
					A030AEC0252E2D5700487696 = {
						CreatedOnToolsVersion = 12.0;
						TestTargetID = A030AEAA252E2D5500487696;
					};
				};
			};
			buildConfigurationList = A030AEA6252E2D5500487696 /* Build configuration list for PBXProject "SEATCode" */;
			compatibilityVersion = "Xcode 9.3";
			developmentRegion = en;
			hasScannedForEncodings = 0;
			knownRegions = (
				en,
				Base,
			);
			mainGroup = A030AEA2252E2D5500487696;
			packageReferences = (
				A030AEF9252E35A600487696 /* XCRemoteSwiftPackageReference "Swinject" */,
				A030AF3D252E3EDF00487696 /* XCRemoteSwiftPackageReference "SwiftyMocky" */,
				A019C75325337630008F7644 /* XCRemoteSwiftPackageReference "RxSwift" */,
			);
			productRefGroup = A030AEAC252E2D5500487696 /* Products */;
			projectDirPath = "";
			projectRoot = "";
			targets = (
				A030AEAA252E2D5500487696 /* SEATCode */,
				A030AEC0252E2D5700487696 /* SEATCodeTests */,
			);
		};
/* End PBXProject section */

/* Begin PBXResourcesBuildPhase section */
		A030AEA9252E2D5500487696 /* Resources */ = {
			isa = PBXResourcesBuildPhase;
			buildActionMask = 2147483647;
			files = (
				A030AEBB252E2D5700487696 /* LaunchScreen.storyboard in Resources */,
				A030AF13252E37FA00487696 /* TripsViewController.storyboard in Resources */,
				A030AEB8252E2D5700487696 /* Assets.xcassets in Resources */,
			);
			runOnlyForDeploymentPostprocessing = 0;
		};
		A030AEBF252E2D5700487696 /* Resources */ = {
			isa = PBXResourcesBuildPhase;
			buildActionMask = 2147483647;
			files = (
			);
			runOnlyForDeploymentPostprocessing = 0;
		};
/* End PBXResourcesBuildPhase section */

/* Begin PBXShellScriptBuildPhase section */
		A030AF21252E393C00487696 /* Build mocks */ = {
			isa = PBXShellScriptBuildPhase;
			buildActionMask = 2147483647;
			files = (
			);
			inputFileListPaths = (
			);
			inputPaths = (
			);
			name = "Build mocks";
			outputFileListPaths = (
			);
			outputPaths = (
			);
			runOnlyForDeploymentPostprocessing = 0;
			shellPath = /bin/sh;
			shellScript = "swiftymocky generate\n";
		};
/* End PBXShellScriptBuildPhase section */

/* Begin PBXSourcesBuildPhase section */
		A030AEA7252E2D5500487696 /* Sources */ = {
			isa = PBXSourcesBuildPhase;
			buildActionMask = 2147483647;
			files = (
				A019C7CC25339309008F7644 /* TripCell.swift in Sources */,
				A019C7AD25337B5F008F7644 /* Trip.swift in Sources */,
				A019C75D253376B0008F7644 /* Endpoint+Trips.swift in Sources */,
				A019C77F25337987008F7644 /* APIClientLoggerApi.swift in Sources */,
				A030AF17252E381600487696 /* TripsViewController.swift in Sources */,
				A019C78425337987008F7644 /* APIClient.swift in Sources */,
				A030AF0B252E378500487696 /* TripsViewModel.swift in Sources */,
				A019C7B525337F63008F7644 /* Configuration.swift in Sources */,
				A019C7C825338E90008F7644 /* NilOnFail.swift in Sources */,
				A019C74425337565008F7644 /* TripsRemoteService.swift in Sources */,
				A030AEAF252E2D5500487696 /* AppDelegate.swift in Sources */,
				A019C7382533753F008F7644 /* TripsRepositoryApi.swift in Sources */,
				A019C78225337987008F7644 /* NoResult.swift in Sources */,
				A030AF0F252E37DC00487696 /* TripsViewModelApi.swift in Sources */,
				A019C7D025339F74008F7644 /* TripDetails.swift in Sources */,
				A030AEF6252E355700487696 /* AppFlowController.swift in Sources */,
				A019C78025337987008F7644 /* APIClientLogger.swift in Sources */,
				A019C750253375C7008F7644 /* TripCodable.swift in Sources */,
				A019C7B125337BC7008F7644 /* Location.swift in Sources */,
				A019C78325337987008F7644 /* Endpoint.swift in Sources */,
				A019C7402533755F008F7644 /* TripsRemoteServiceApi.swift in Sources */,
				A019C78125337987008F7644 /* APIClientApi.swift in Sources */,
				A030AF07252E369200487696 /* DependencyContainer.swift in Sources */,
				A019C73C25337546008F7644 /* TripsRepository.swift in Sources */,
				A030AF00252E35FA00487696 /* UIViewController+Child.swift in Sources */,
				A019C788253379D1008F7644 /* URLRequest+cURLString.swift in Sources */,
				A030AF81252E4A0100487696 /* UIViewController+MakeFromStoryboard.swift in Sources */,
			);
			runOnlyForDeploymentPostprocessing = 0;
		};
		A030AEBD252E2D5700487696 /* Sources */ = {
			isa = PBXSourcesBuildPhase;
			buildActionMask = 2147483647;
			files = (
				A030AF26252E3D0A00487696 /* Mock.generated.swift in Sources */,
				A030AEC6252E2D5700487696 /* SEATCodeTests.swift in Sources */,
			);
			runOnlyForDeploymentPostprocessing = 0;
		};
/* End PBXSourcesBuildPhase section */

/* Begin PBXTargetDependency section */
		A030AEC3252E2D5700487696 /* PBXTargetDependency */ = {
			isa = PBXTargetDependency;
			target = A030AEAA252E2D5500487696 /* SEATCode */;
			targetProxy = A030AEC2252E2D5700487696 /* PBXContainerItemProxy */;
		};
/* End PBXTargetDependency section */

/* Begin PBXVariantGroup section */
		A030AEB9252E2D5700487696 /* LaunchScreen.storyboard */ = {
			isa = PBXVariantGroup;
			children = (
				A030AEBA252E2D5700487696 /* Base */,
			);
			name = LaunchScreen.storyboard;
			sourceTree = "<group>";
		};
/* End PBXVariantGroup section */

/* Begin XCBuildConfiguration section */
		A030AED3252E2D5700487696 /* Debug */ = {
			isa = XCBuildConfiguration;
			baseConfigurationReference = A019C7BB2533804C008F7644 /* Development.xcconfig */;
			buildSettings = {
				ALWAYS_SEARCH_USER_PATHS = NO;
				CLANG_ANALYZER_NONNULL = YES;
				CLANG_ANALYZER_NUMBER_OBJECT_CONVERSION = YES_AGGRESSIVE;
				CLANG_CXX_LANGUAGE_STANDARD = "gnu++14";
				CLANG_CXX_LIBRARY = "libc++";
				CLANG_ENABLE_MODULES = YES;
				CLANG_ENABLE_OBJC_ARC = YES;
				CLANG_ENABLE_OBJC_WEAK = YES;
				CLANG_WARN_BLOCK_CAPTURE_AUTORELEASING = YES;
				CLANG_WARN_BOOL_CONVERSION = YES;
				CLANG_WARN_COMMA = YES;
				CLANG_WARN_CONSTANT_CONVERSION = YES;
				CLANG_WARN_DEPRECATED_OBJC_IMPLEMENTATIONS = YES;
				CLANG_WARN_DIRECT_OBJC_ISA_USAGE = YES_ERROR;
				CLANG_WARN_DOCUMENTATION_COMMENTS = YES;
				CLANG_WARN_EMPTY_BODY = YES;
				CLANG_WARN_ENUM_CONVERSION = YES;
				CLANG_WARN_INFINITE_RECURSION = YES;
				CLANG_WARN_INT_CONVERSION = YES;
				CLANG_WARN_NON_LITERAL_NULL_CONVERSION = YES;
				CLANG_WARN_OBJC_IMPLICIT_RETAIN_SELF = YES;
				CLANG_WARN_OBJC_LITERAL_CONVERSION = YES;
				CLANG_WARN_OBJC_ROOT_CLASS = YES_ERROR;
				CLANG_WARN_QUOTED_INCLUDE_IN_FRAMEWORK_HEADER = YES;
				CLANG_WARN_RANGE_LOOP_ANALYSIS = YES;
				CLANG_WARN_STRICT_PROTOTYPES = YES;
				CLANG_WARN_SUSPICIOUS_MOVE = YES;
				CLANG_WARN_UNGUARDED_AVAILABILITY = YES_AGGRESSIVE;
				CLANG_WARN_UNREACHABLE_CODE = YES;
				CLANG_WARN__DUPLICATE_METHOD_MATCH = YES;
				COPY_PHASE_STRIP = NO;
				DEBUG_INFORMATION_FORMAT = dwarf;
				ENABLE_STRICT_OBJC_MSGSEND = YES;
				ENABLE_TESTABILITY = YES;
				GCC_C_LANGUAGE_STANDARD = gnu11;
				GCC_DYNAMIC_NO_PIC = NO;
				GCC_NO_COMMON_BLOCKS = YES;
				GCC_OPTIMIZATION_LEVEL = 0;
				GCC_PREPROCESSOR_DEFINITIONS = (
					"DEBUG=1",
					"$(inherited)",
				);
				GCC_WARN_64_TO_32_BIT_CONVERSION = YES;
				GCC_WARN_ABOUT_RETURN_TYPE = YES_ERROR;
				GCC_WARN_UNDECLARED_SELECTOR = YES;
				GCC_WARN_UNINITIALIZED_AUTOS = YES_AGGRESSIVE;
				GCC_WARN_UNUSED_FUNCTION = YES;
				GCC_WARN_UNUSED_VARIABLE = YES;
				IPHONEOS_DEPLOYMENT_TARGET = 14.0;
				MTL_ENABLE_DEBUG_INFO = INCLUDE_SOURCE;
				MTL_FAST_MATH = YES;
				ONLY_ACTIVE_ARCH = YES;
				SDKROOT = iphoneos;
				SWIFT_ACTIVE_COMPILATION_CONDITIONS = DEBUG;
				SWIFT_OPTIMIZATION_LEVEL = "-Onone";
			};
			name = Debug;
		};
		A030AED4252E2D5700487696 /* Release */ = {
			isa = XCBuildConfiguration;
			baseConfigurationReference = A019C7BC2533805E008F7644 /* Release.xcconfig */;
			buildSettings = {
				ALWAYS_SEARCH_USER_PATHS = NO;
				CLANG_ANALYZER_NONNULL = YES;
				CLANG_ANALYZER_NUMBER_OBJECT_CONVERSION = YES_AGGRESSIVE;
				CLANG_CXX_LANGUAGE_STANDARD = "gnu++14";
				CLANG_CXX_LIBRARY = "libc++";
				CLANG_ENABLE_MODULES = YES;
				CLANG_ENABLE_OBJC_ARC = YES;
				CLANG_ENABLE_OBJC_WEAK = YES;
				CLANG_WARN_BLOCK_CAPTURE_AUTORELEASING = YES;
				CLANG_WARN_BOOL_CONVERSION = YES;
				CLANG_WARN_COMMA = YES;
				CLANG_WARN_CONSTANT_CONVERSION = YES;
				CLANG_WARN_DEPRECATED_OBJC_IMPLEMENTATIONS = YES;
				CLANG_WARN_DIRECT_OBJC_ISA_USAGE = YES_ERROR;
				CLANG_WARN_DOCUMENTATION_COMMENTS = YES;
				CLANG_WARN_EMPTY_BODY = YES;
				CLANG_WARN_ENUM_CONVERSION = YES;
				CLANG_WARN_INFINITE_RECURSION = YES;
				CLANG_WARN_INT_CONVERSION = YES;
				CLANG_WARN_NON_LITERAL_NULL_CONVERSION = YES;
				CLANG_WARN_OBJC_IMPLICIT_RETAIN_SELF = YES;
				CLANG_WARN_OBJC_LITERAL_CONVERSION = YES;
				CLANG_WARN_OBJC_ROOT_CLASS = YES_ERROR;
				CLANG_WARN_QUOTED_INCLUDE_IN_FRAMEWORK_HEADER = YES;
				CLANG_WARN_RANGE_LOOP_ANALYSIS = YES;
				CLANG_WARN_STRICT_PROTOTYPES = YES;
				CLANG_WARN_SUSPICIOUS_MOVE = YES;
				CLANG_WARN_UNGUARDED_AVAILABILITY = YES_AGGRESSIVE;
				CLANG_WARN_UNREACHABLE_CODE = YES;
				CLANG_WARN__DUPLICATE_METHOD_MATCH = YES;
				COPY_PHASE_STRIP = NO;
				DEBUG_INFORMATION_FORMAT = "dwarf-with-dsym";
				ENABLE_NS_ASSERTIONS = NO;
				ENABLE_STRICT_OBJC_MSGSEND = YES;
				GCC_C_LANGUAGE_STANDARD = gnu11;
				GCC_NO_COMMON_BLOCKS = YES;
				GCC_WARN_64_TO_32_BIT_CONVERSION = YES;
				GCC_WARN_ABOUT_RETURN_TYPE = YES_ERROR;
				GCC_WARN_UNDECLARED_SELECTOR = YES;
				GCC_WARN_UNINITIALIZED_AUTOS = YES_AGGRESSIVE;
				GCC_WARN_UNUSED_FUNCTION = YES;
				GCC_WARN_UNUSED_VARIABLE = YES;
				IPHONEOS_DEPLOYMENT_TARGET = 14.0;
				MTL_ENABLE_DEBUG_INFO = NO;
				MTL_FAST_MATH = YES;
				SDKROOT = iphoneos;
				SWIFT_COMPILATION_MODE = wholemodule;
				SWIFT_OPTIMIZATION_LEVEL = "-O";
				VALIDATE_PRODUCT = YES;
			};
			name = Release;
		};
		A030AED6252E2D5700487696 /* Debug */ = {
			isa = XCBuildConfiguration;
			buildSettings = {
				ASSETCATALOG_COMPILER_APPICON_NAME = AppIcon;
				ASSETCATALOG_COMPILER_GLOBAL_ACCENT_COLOR_NAME = AccentColor;
				CODE_SIGN_STYLE = Automatic;
				INFOPLIST_FILE = SEATCode/Resources/Info.plist;
				LD_RUNPATH_SEARCH_PATHS = (
					"$(inherited)",
					"@executable_path/Frameworks",
				);
				PRODUCT_BUNDLE_IDENTIFIER = com.seat.code.ios;
				PRODUCT_NAME = "$(TARGET_NAME)";
				SWIFT_VERSION = 5.0;
				TARGETED_DEVICE_FAMILY = 1;
			};
			name = Debug;
		};
		A030AED7252E2D5700487696 /* Release */ = {
			isa = XCBuildConfiguration;
			buildSettings = {
				ASSETCATALOG_COMPILER_APPICON_NAME = AppIcon;
				ASSETCATALOG_COMPILER_GLOBAL_ACCENT_COLOR_NAME = AccentColor;
				CODE_SIGN_STYLE = Automatic;
				INFOPLIST_FILE = SEATCode/Resources/Info.plist;
				LD_RUNPATH_SEARCH_PATHS = (
					"$(inherited)",
					"@executable_path/Frameworks",
				);
				PRODUCT_BUNDLE_IDENTIFIER = com.seat.code.ios;
				PRODUCT_NAME = "$(TARGET_NAME)";
				SWIFT_VERSION = 5.0;
				TARGETED_DEVICE_FAMILY = 1;
			};
			name = Release;
		};
		A030AED9252E2D5700487696 /* Debug */ = {
			isa = XCBuildConfiguration;
			buildSettings = {
				ALWAYS_EMBED_SWIFT_STANDARD_LIBRARIES = YES;
				BUNDLE_LOADER = "$(TEST_HOST)";
				CODE_SIGN_STYLE = Automatic;
				INFOPLIST_FILE = SEATCodeTests/Resources/Info.plist;
				IPHONEOS_DEPLOYMENT_TARGET = 14.0;
				LD_RUNPATH_SEARCH_PATHS = (
					"$(inherited)",
					"@executable_path/Frameworks",
					"@loader_path/Frameworks",
				);
				PRODUCT_BUNDLE_IDENTIFIER = com.seat.code.ios.SEATCodeTests;
				PRODUCT_NAME = "$(TARGET_NAME)";
				SWIFT_VERSION = 5.0;
				TARGETED_DEVICE_FAMILY = "1,2";
				TEST_HOST = "$(BUILT_PRODUCTS_DIR)/SEATCode.app/SEATCode";
			};
			name = Debug;
		};
		A030AEDA252E2D5700487696 /* Release */ = {
			isa = XCBuildConfiguration;
			buildSettings = {
				ALWAYS_EMBED_SWIFT_STANDARD_LIBRARIES = YES;
				BUNDLE_LOADER = "$(TEST_HOST)";
				CODE_SIGN_STYLE = Automatic;
				INFOPLIST_FILE = SEATCodeTests/Resources/Info.plist;
				IPHONEOS_DEPLOYMENT_TARGET = 14.0;
				LD_RUNPATH_SEARCH_PATHS = (
					"$(inherited)",
					"@executable_path/Frameworks",
					"@loader_path/Frameworks",
				);
				PRODUCT_BUNDLE_IDENTIFIER = com.seat.code.ios.SEATCodeTests;
				PRODUCT_NAME = "$(TARGET_NAME)";
				SWIFT_VERSION = 5.0;
				TARGETED_DEVICE_FAMILY = "1,2";
				TEST_HOST = "$(BUILT_PRODUCTS_DIR)/SEATCode.app/SEATCode";
			};
			name = Release;
		};
/* End XCBuildConfiguration section */

/* Begin XCConfigurationList section */
		A030AEA6252E2D5500487696 /* Build configuration list for PBXProject "SEATCode" */ = {
			isa = XCConfigurationList;
			buildConfigurations = (
				A030AED3252E2D5700487696 /* Debug */,
				A030AED4252E2D5700487696 /* Release */,
			);
			defaultConfigurationIsVisible = 0;
			defaultConfigurationName = Release;
		};
		A030AED5252E2D5700487696 /* Build configuration list for PBXNativeTarget "SEATCode" */ = {
			isa = XCConfigurationList;
			buildConfigurations = (
				A030AED6252E2D5700487696 /* Debug */,
				A030AED7252E2D5700487696 /* Release */,
			);
			defaultConfigurationIsVisible = 0;
			defaultConfigurationName = Release;
		};
		A030AED8252E2D5700487696 /* Build configuration list for PBXNativeTarget "SEATCodeTests" */ = {
			isa = XCConfigurationList;
			buildConfigurations = (
				A030AED9252E2D5700487696 /* Debug */,
				A030AEDA252E2D5700487696 /* Release */,
			);
			defaultConfigurationIsVisible = 0;
			defaultConfigurationName = Release;
		};
/* End XCConfigurationList section */

/* Begin XCRemoteSwiftPackageReference section */
		A019C75325337630008F7644 /* XCRemoteSwiftPackageReference "RxSwift" */ = {
			isa = XCRemoteSwiftPackageReference;
			repositoryURL = "https://github.com/ReactiveX/RxSwift";
			requirement = {
				kind = upToNextMajorVersion;
				minimumVersion = 5.1.1;
			};
		};
		A030AEF9252E35A600487696 /* XCRemoteSwiftPackageReference "Swinject" */ = {
			isa = XCRemoteSwiftPackageReference;
			repositoryURL = "https://github.com/Swinject/Swinject";
			requirement = {
				kind = upToNextMajorVersion;
				minimumVersion = 2.7.1;
			};
		};
		A030AF3D252E3EDF00487696 /* XCRemoteSwiftPackageReference "SwiftyMocky" */ = {
			isa = XCRemoteSwiftPackageReference;
			repositoryURL = "https://github.com/MakeAWishFoundation/SwiftyMocky";
			requirement = {
				kind = upToNextMajorVersion;
				minimumVersion = 4.0.1;
			};
		};
/* End XCRemoteSwiftPackageReference section */

/* Begin XCSwiftPackageProductDependency section */
		A019C75425337630008F7644 /* RxTest */ = {
			isa = XCSwiftPackageProductDependency;
			package = A019C75325337630008F7644 /* XCRemoteSwiftPackageReference "RxSwift" */;
			productName = RxTest;
		};
		A019C75625337630008F7644 /* RxCocoa */ = {
			isa = XCSwiftPackageProductDependency;
			package = A019C75325337630008F7644 /* XCRemoteSwiftPackageReference "RxSwift" */;
			productName = RxCocoa;
		};
		A019C75825337630008F7644 /* RxSwift */ = {
			isa = XCSwiftPackageProductDependency;
			package = A019C75325337630008F7644 /* XCRemoteSwiftPackageReference "RxSwift" */;
			productName = RxSwift;
		};
		A030AEFA252E35A600487696 /* Swinject */ = {
			isa = XCSwiftPackageProductDependency;
			package = A030AEF9252E35A600487696 /* XCRemoteSwiftPackageReference "Swinject" */;
			productName = Swinject;
		};
		A030AF3E252E3EDF00487696 /* SwiftyMocky */ = {
			isa = XCSwiftPackageProductDependency;
			package = A030AF3D252E3EDF00487696 /* XCRemoteSwiftPackageReference "SwiftyMocky" */;
			productName = SwiftyMocky;
		};
/* End XCSwiftPackageProductDependency section */
	};
	rootObject = A030AEA3252E2D5500487696 /* Project object */;
}
